// !$*UTF8*$!
{
	archiveVersion = 1;
	classes = {
	};
	objectVersion = 52;
	objects = {

/* Begin PBXBuildFile section */
		0842CDFB23A9FDD000D14BD4 /* GlobalKeybindingPreferences.swift in Sources */ = {isa = PBXBuildFile; fileRef = 0842CDFA23A9FDD000D14BD4 /* GlobalKeybindingPreferences.swift */; };
		08A5F85A23AA007A00981CA5 /* PreferencesViewController.swift in Sources */ = {isa = PBXBuildFile; fileRef = 08A5F85923AA007A00981CA5 /* PreferencesViewController.swift */; };
		08A5F85C23AA013100981CA5 /* SelectedSecond.swift in Sources */ = {isa = PBXBuildFile; fileRef = 08A5F85B23AA013100981CA5 /* SelectedSecond.swift */; };
		08A5F85F23AA01EE00981CA5 /* HotKey in Frameworks */ = {isa = PBXBuildFile; productRef = 08A5F85E23AA01EE00981CA5 /* HotKey */; };
		08A5F86123AA085B00981CA5 /* Preferences.swift in Sources */ = {isa = PBXBuildFile; fileRef = 08A5F86023AA085B00981CA5 /* Preferences.swift */; };
		08A5F86423AA09F300981CA5 /* UserDefault+Extension.swift in Sources */ = {isa = PBXBuildFile; fileRef = 08A5F86323AA09F300981CA5 /* UserDefault+Extension.swift */; };
		08B9F32C2411883300AA0551 /* NSWindow+Extension.swift in Sources */ = {isa = PBXBuildFile; fileRef = 08B9F32B2411883300AA0551 /* NSWindow+Extension.swift */; };
		08C20FDE23AABDD10035D978 /* HyperlinkTextField.swift in Sources */ = {isa = PBXBuildFile; fileRef = 08C20FDD23AABDD10035D978 /* HyperlinkTextField.swift */; };
		08C20FE023AB44E60035D978 /* Bundle+Extension.swift in Sources */ = {isa = PBXBuildFile; fileRef = 08C20FDF23AB44E60035D978 /* Bundle+Extension.swift */; };
		08C20FE223AB452C0035D978 /* AboutViewController.swift in Sources */ = {isa = PBXBuildFile; fileRef = 08C20FE123AB452C0035D978 /* AboutViewController.swift */; };
		3CF14C82221FA49D0083D42B /* PreferencesWindowController.swift in Sources */ = {isa = PBXBuildFile; fileRef = 3CF14C81221FA49D0083D42B /* PreferencesWindowController.swift */; };
		9220587E2212A7C0008A8B03 /* LauncherApplication.app in Copy Files */ = {isa = PBXBuildFile; fileRef = 92C5054E21FEC03B0084719A /* LauncherApplication.app */; settings = {ATTRIBUTES = (RemoveHeadersOnCopy, ); }; };
		929113F521F9D04100173149 /* AppDelegate.swift in Sources */ = {isa = PBXBuildFile; fileRef = 929113F421F9D04100173149 /* AppDelegate.swift */; };
		929113F921F9D04200173149 /* Assets.xcassets in Resources */ = {isa = PBXBuildFile; fileRef = 929113F821F9D04200173149 /* Assets.xcassets */; };
		929113FC21F9D04200173149 /* Main.storyboard in Resources */ = {isa = PBXBuildFile; fileRef = 929113FA21F9D04200173149 /* Main.storyboard */; };
		92C5055121FEC03C0084719A /* AppDelegate.swift in Sources */ = {isa = PBXBuildFile; fileRef = 92C5055021FEC03C0084719A /* AppDelegate.swift */; };
		92C5055321FEC03C0084719A /* ViewController.swift in Sources */ = {isa = PBXBuildFile; fileRef = 92C5055221FEC03C0084719A /* ViewController.swift */; };
		92C5055521FEC03C0084719A /* Assets.xcassets in Resources */ = {isa = PBXBuildFile; fileRef = 92C5055421FEC03C0084719A /* Assets.xcassets */; };
		92C5055821FEC03C0084719A /* Main.storyboard in Resources */ = {isa = PBXBuildFile; fileRef = 92C5055621FEC03C0084719A /* Main.storyboard */; };
		92C5057F21FEC24C0084719A /* ServiceManagement.framework in Frameworks */ = {isa = PBXBuildFile; fileRef = 92C5057E21FEC24C0084719A /* ServiceManagement.framework */; };
		92C5058121FEC2590084719A /* Cocoa.framework in Frameworks */ = {isa = PBXBuildFile; fileRef = 92C5058021FEC2590084719A /* Cocoa.framework */; };
		92C97B88220032ED0007559C /* Util.swift in Sources */ = {isa = PBXBuildFile; fileRef = 92C97B87220032ED0007559C /* Util.swift */; };
		92C97B8B220049D20007559C /* NSBarButtonItem+Extension.swift in Sources */ = {isa = PBXBuildFile; fileRef = 92C97B8A220049D10007559C /* NSBarButtonItem+Extension.swift */; };
		92C97B8D220058740007559C /* NSView+Extension.swift in Sources */ = {isa = PBXBuildFile; fileRef = 92C97B8C220058740007559C /* NSView+Extension.swift */; };
		92C97B8F220147FE0007559C /* Constant.swift in Sources */ = {isa = PBXBuildFile; fileRef = 92C97B8E220147FE0007559C /* Constant.swift */; };
		92C97B9122018C1F0007559C /* StatusBarController.swift in Sources */ = {isa = PBXBuildFile; fileRef = 92C97B9022018C1F0007559C /* StatusBarController.swift */; };
		92D2122221FEE06600C92FF4 /* LauncherApplication.app in Sources */ = {isa = PBXBuildFile; fileRef = 92C5054E21FEC03B0084719A /* LauncherApplication.app */; };
/* End PBXBuildFile section */

/* Begin PBXCopyFilesBuildPhase section */
		92C5057B21FEC17A0084719A /* Copy Files */ = {
			isa = PBXCopyFilesBuildPhase;
			buildActionMask = 2147483647;
			dstPath = Contents/Library/LoginItems;
			dstSubfolderSpec = 1;
			files = (
				9220587E2212A7C0008A8B03 /* LauncherApplication.app in Copy Files */,
			);
			name = "Copy Files";
			runOnlyForDeploymentPostprocessing = 0;
		};
/* End PBXCopyFilesBuildPhase section */

/* Begin PBXFileReference section */
		0842CDFA23A9FDD000D14BD4 /* GlobalKeybindingPreferences.swift */ = {isa = PBXFileReference; lastKnownFileType = sourcecode.swift; path = GlobalKeybindingPreferences.swift; sourceTree = "<group>"; };
		08A5F85923AA007A00981CA5 /* PreferencesViewController.swift */ = {isa = PBXFileReference; fileEncoding = 4; lastKnownFileType = sourcecode.swift; path = PreferencesViewController.swift; sourceTree = "<group>"; };
		08A5F85B23AA013100981CA5 /* SelectedSecond.swift */ = {isa = PBXFileReference; lastKnownFileType = sourcecode.swift; path = SelectedSecond.swift; sourceTree = "<group>"; };
		08A5F86023AA085B00981CA5 /* Preferences.swift */ = {isa = PBXFileReference; lastKnownFileType = sourcecode.swift; path = Preferences.swift; sourceTree = "<group>"; };
		08A5F86323AA09F300981CA5 /* UserDefault+Extension.swift */ = {isa = PBXFileReference; lastKnownFileType = sourcecode.swift; path = "UserDefault+Extension.swift"; sourceTree = "<group>"; };
		08B9F32B2411883300AA0551 /* NSWindow+Extension.swift */ = {isa = PBXFileReference; lastKnownFileType = sourcecode.swift; path = "NSWindow+Extension.swift"; sourceTree = "<group>"; };
		08C20FDD23AABDD10035D978 /* HyperlinkTextField.swift */ = {isa = PBXFileReference; lastKnownFileType = sourcecode.swift; path = HyperlinkTextField.swift; sourceTree = "<group>"; };
		08C20FDF23AB44E60035D978 /* Bundle+Extension.swift */ = {isa = PBXFileReference; lastKnownFileType = sourcecode.swift; path = "Bundle+Extension.swift"; sourceTree = "<group>"; };
		08C20FE123AB452C0035D978 /* AboutViewController.swift */ = {isa = PBXFileReference; lastKnownFileType = sourcecode.swift; path = AboutViewController.swift; sourceTree = "<group>"; };
		3CF14C81221FA49D0083D42B /* PreferencesWindowController.swift */ = {isa = PBXFileReference; lastKnownFileType = sourcecode.swift; path = PreferencesWindowController.swift; sourceTree = "<group>"; };
		9220587D22127050008A8B03 /* Hidden.entitlements */ = {isa = PBXFileReference; lastKnownFileType = text.plist.entitlements; name = Hidden.entitlements; path = Hidden/Hidden.entitlements; sourceTree = "<group>"; };
		929113F121F9D04100173149 /* Hidden Bar.app */ = {isa = PBXFileReference; explicitFileType = wrapper.application; includeInIndex = 0; path = "Hidden Bar.app"; sourceTree = BUILT_PRODUCTS_DIR; };
		929113F421F9D04100173149 /* AppDelegate.swift */ = {isa = PBXFileReference; lastKnownFileType = sourcecode.swift; path = AppDelegate.swift; sourceTree = "<group>"; };
		929113F821F9D04200173149 /* Assets.xcassets */ = {isa = PBXFileReference; lastKnownFileType = folder.assetcatalog; path = Assets.xcassets; sourceTree = "<group>"; };
		929113FB21F9D04200173149 /* Base */ = {isa = PBXFileReference; lastKnownFileType = file.storyboard; name = Base; path = Base.lproj/Main.storyboard; sourceTree = "<group>"; };
		929113FD21F9D04200173149 /* Info.plist */ = {isa = PBXFileReference; lastKnownFileType = text.plist.xml; path = Info.plist; sourceTree = "<group>"; };
		92C5054E21FEC03B0084719A /* LauncherApplication.app */ = {isa = PBXFileReference; explicitFileType = wrapper.application; includeInIndex = 0; path = LauncherApplication.app; sourceTree = BUILT_PRODUCTS_DIR; };
		92C5055021FEC03C0084719A /* AppDelegate.swift */ = {isa = PBXFileReference; lastKnownFileType = sourcecode.swift; path = AppDelegate.swift; sourceTree = "<group>"; };
		92C5055221FEC03C0084719A /* ViewController.swift */ = {isa = PBXFileReference; lastKnownFileType = sourcecode.swift; path = ViewController.swift; sourceTree = "<group>"; };
		92C5055421FEC03C0084719A /* Assets.xcassets */ = {isa = PBXFileReference; lastKnownFileType = folder.assetcatalog; path = Assets.xcassets; sourceTree = "<group>"; };
		92C5055721FEC03C0084719A /* Base */ = {isa = PBXFileReference; lastKnownFileType = file.storyboard; name = Base; path = Base.lproj/Main.storyboard; sourceTree = "<group>"; };
		92C5055921FEC03C0084719A /* Info.plist */ = {isa = PBXFileReference; lastKnownFileType = text.plist.xml; path = Info.plist; sourceTree = "<group>"; };
		92C5055A21FEC03C0084719A /* LauncherApplication.entitlements */ = {isa = PBXFileReference; lastKnownFileType = text.plist.entitlements; path = LauncherApplication.entitlements; sourceTree = "<group>"; };
		92C5057E21FEC24C0084719A /* ServiceManagement.framework */ = {isa = PBXFileReference; lastKnownFileType = wrapper.framework; name = ServiceManagement.framework; path = System/Library/Frameworks/ServiceManagement.framework; sourceTree = SDKROOT; };
		92C5058021FEC2590084719A /* Cocoa.framework */ = {isa = PBXFileReference; lastKnownFileType = wrapper.framework; name = Cocoa.framework; path = System/Library/Frameworks/Cocoa.framework; sourceTree = SDKROOT; };
		92C97B87220032ED0007559C /* Util.swift */ = {isa = PBXFileReference; lastKnownFileType = sourcecode.swift; path = Util.swift; sourceTree = "<group>"; };
		92C97B8A220049D10007559C /* NSBarButtonItem+Extension.swift */ = {isa = PBXFileReference; lastKnownFileType = sourcecode.swift; path = "NSBarButtonItem+Extension.swift"; sourceTree = "<group>"; };
		92C97B8C220058740007559C /* NSView+Extension.swift */ = {isa = PBXFileReference; lastKnownFileType = sourcecode.swift; path = "NSView+Extension.swift"; sourceTree = "<group>"; };
		92C97B8E220147FE0007559C /* Constant.swift */ = {isa = PBXFileReference; lastKnownFileType = sourcecode.swift; path = Constant.swift; sourceTree = "<group>"; };
		92C97B9022018C1F0007559C /* StatusBarController.swift */ = {isa = PBXFileReference; lastKnownFileType = sourcecode.swift; path = StatusBarController.swift; sourceTree = "<group>"; };
		B350A2CC23AAFB47003A04AC /* zh-Hans */ = {isa = PBXFileReference; lastKnownFileType = text.plist.strings; name = "zh-Hans"; path = "zh-Hans.lproj/Main.strings"; sourceTree = "<group>"; };
		B8404C9A24041A4300E6DBF8 /* ja */ = {isa = PBXFileReference; lastKnownFileType = text.plist.strings; name = ja; path = ja.lproj/Main.strings; sourceTree = "<group>"; };
		B8404C9B24041A4300E6DBF8 /* ja */ = {isa = PBXFileReference; lastKnownFileType = text.plist.strings; name = ja; path = ja.lproj/Main.strings; sourceTree = "<group>"; };
/* End PBXFileReference section */

/* Begin PBXFrameworksBuildPhase section */
		929113EE21F9D04100173149 /* Frameworks */ = {
			isa = PBXFrameworksBuildPhase;
			buildActionMask = 2147483647;
			files = (
				08A5F85F23AA01EE00981CA5 /* HotKey in Frameworks */,
				92C5058121FEC2590084719A /* Cocoa.framework in Frameworks */,
				92C5057F21FEC24C0084719A /* ServiceManagement.framework in Frameworks */,
			);
			runOnlyForDeploymentPostprocessing = 0;
		};
		92C5054B21FEC03B0084719A /* Frameworks */ = {
			isa = PBXFrameworksBuildPhase;
			buildActionMask = 2147483647;
			files = (
			);
			runOnlyForDeploymentPostprocessing = 0;
		};
/* End PBXFrameworksBuildPhase section */

/* Begin PBXGroup section */
		0842CDF923A9FDB900D14BD4 /* Models */ = {
			isa = PBXGroup;
			children = (
				0842CDFA23A9FDD000D14BD4 /* GlobalKeybindingPreferences.swift */,
				08A5F85B23AA013100981CA5 /* SelectedSecond.swift */,
			);
			path = Models;
			sourceTree = "<group>";
		};
		0842CDFC23A9FF6D00D14BD4 /* Features */ = {
			isa = PBXGroup;
			children = (
				08C20FDC23AABC440035D978 /* About */,
				0842CDFE23A9FF7C00D14BD4 /* Preferences */,
				0842CDFD23A9FF7500D14BD4 /* StatusBar */,
			);
			path = Features;
			sourceTree = "<group>";
		};
		0842CDFD23A9FF7500D14BD4 /* StatusBar */ = {
			isa = PBXGroup;
			children = (
				92C97B9022018C1F0007559C /* StatusBarController.swift */,
			);
			path = StatusBar;
			sourceTree = "<group>";
		};
		0842CDFE23A9FF7C00D14BD4 /* Preferences */ = {
			isa = PBXGroup;
			children = (
				08A5F85923AA007A00981CA5 /* PreferencesViewController.swift */,
				3CF14C81221FA49D0083D42B /* PreferencesWindowController.swift */,
			);
			path = Preferences;
			sourceTree = "<group>";
		};
		08A5F86223AA09D900981CA5 /* Extensions */ = {
			isa = PBXGroup;
			children = (
				08A5F86323AA09F300981CA5 /* UserDefault+Extension.swift */,
				08C20FDF23AB44E60035D978 /* Bundle+Extension.swift */,
				08B9F32B2411883300AA0551 /* NSWindow+Extension.swift */,
			);
			path = Extensions;
			sourceTree = "<group>";
		};
		08C20FDC23AABC440035D978 /* About */ = {
			isa = PBXGroup;
			children = (
				08C20FE123AB452C0035D978 /* AboutViewController.swift */,
			);
			path = About;
			sourceTree = "<group>";
		};
		9267D3212201A49200EFFCE2 /* Common */ = {
			isa = PBXGroup;
			children = (
				92C97B87220032ED0007559C /* Util.swift */,
				92C97B8E220147FE0007559C /* Constant.swift */,
				08A5F86023AA085B00981CA5 /* Preferences.swift */,
			);
			path = Common;
			sourceTree = "<group>";
		};
		929113E821F9D04100173149 = {
			isa = PBXGroup;
			children = (
				9220587D22127050008A8B03 /* Hidden.entitlements */,
				929113F321F9D04100173149 /* hidden */,
				92C5054F21FEC03C0084719A /* LauncherApplication */,
				929113F221F9D04100173149 /* Products */,
				92C5057D21FEC24C0084719A /* Frameworks */,
			);
			sourceTree = "<group>";
		};
		929113F221F9D04100173149 /* Products */ = {
			isa = PBXGroup;
			children = (
				929113F121F9D04100173149 /* Hidden Bar.app */,
				92C5054E21FEC03B0084719A /* LauncherApplication.app */,
			);
			name = Products;
			sourceTree = "<group>";
		};
		929113F321F9D04100173149 /* hidden */ = {
			isa = PBXGroup;
			children = (
				08A5F86223AA09D900981CA5 /* Extensions */,
				0842CDFC23A9FF6D00D14BD4 /* Features */,
				0842CDF923A9FDB900D14BD4 /* Models */,
				9267D3212201A49200EFFCE2 /* Common */,
				92C97B89220049B30007559C /* Views */,
				929113F421F9D04100173149 /* AppDelegate.swift */,
				929113F821F9D04200173149 /* Assets.xcassets */,
				929113FA21F9D04200173149 /* Main.storyboard */,
				929113FD21F9D04200173149 /* Info.plist */,
			);
			path = hidden;
			sourceTree = "<group>";
		};
		92C5054F21FEC03C0084719A /* LauncherApplication */ = {
			isa = PBXGroup;
			children = (
				92C5055021FEC03C0084719A /* AppDelegate.swift */,
				92C5055221FEC03C0084719A /* ViewController.swift */,
				92C5055421FEC03C0084719A /* Assets.xcassets */,
				92C5055621FEC03C0084719A /* Main.storyboard */,
				92C5055921FEC03C0084719A /* Info.plist */,
				92C5055A21FEC03C0084719A /* LauncherApplication.entitlements */,
			);
			path = LauncherApplication;
			sourceTree = "<group>";
		};
		92C5057D21FEC24C0084719A /* Frameworks */ = {
			isa = PBXGroup;
			children = (
				92C5058021FEC2590084719A /* Cocoa.framework */,
				92C5057E21FEC24C0084719A /* ServiceManagement.framework */,
			);
			name = Frameworks;
			sourceTree = "<group>";
		};
		92C97B89220049B30007559C /* Views */ = {
			isa = PBXGroup;
			children = (
				92C97B8A220049D10007559C /* NSBarButtonItem+Extension.swift */,
				92C97B8C220058740007559C /* NSView+Extension.swift */,
				08C20FDD23AABDD10035D978 /* HyperlinkTextField.swift */,
			);
			path = Views;
			sourceTree = "<group>";
		};
/* End PBXGroup section */

/* Begin PBXNativeTarget section */
		929113F021F9D04100173149 /* Hidden Bar */ = {
			isa = PBXNativeTarget;
			buildConfigurationList = 9291141721F9D04200173149 /* Build configuration list for PBXNativeTarget "Hidden Bar" */;
			buildPhases = (
				929113ED21F9D04100173149 /* Sources */,
				929113EE21F9D04100173149 /* Frameworks */,
				929113EF21F9D04100173149 /* Resources */,
				92C5057B21FEC17A0084719A /* Copy Files */,
			);
			buildRules = (
			);
			dependencies = (
			);
			name = "Hidden Bar";
			packageProductDependencies = (
				08A5F85E23AA01EE00981CA5 /* HotKey */,
			);
			productName = vanillaClone;
			productReference = 929113F121F9D04100173149 /* Hidden Bar.app */;
			productType = "com.apple.product-type.application";
		};
		92C5054D21FEC03B0084719A /* LauncherApplication */ = {
			isa = PBXNativeTarget;
			buildConfigurationList = 92C5057121FEC03D0084719A /* Build configuration list for PBXNativeTarget "LauncherApplication" */;
			buildPhases = (
				92C5054A21FEC03B0084719A /* Sources */,
				92C5054B21FEC03B0084719A /* Frameworks */,
				92C5054C21FEC03B0084719A /* Resources */,
			);
			buildRules = (
			);
			dependencies = (
			);
			name = LauncherApplication;
			productName = LauncherApplication;
			productReference = 92C5054E21FEC03B0084719A /* LauncherApplication.app */;
			productType = "com.apple.product-type.application";
		};
/* End PBXNativeTarget section */

/* Begin PBXProject section */
		929113E921F9D04100173149 /* Project object */ = {
			isa = PBXProject;
			attributes = {
				LastSwiftUpdateCheck = 1010;
				LastUpgradeCheck = 1130;
				ORGANIZATIONNAME = "Dwarves Foundation";
				TargetAttributes = {
					929113F021F9D04100173149 = {
						CreatedOnToolsVersion = 10.1;
						LastSwiftMigration = 1130;
						SystemCapabilities = {
							com.apple.Sandbox = {
								enabled = 1;
							};
						};
					};
					92C5054D21FEC03B0084719A = {
						CreatedOnToolsVersion = 10.1;
						LastSwiftMigration = 1130;
					};
				};
			};
			buildConfigurationList = 929113EC21F9D04100173149 /* Build configuration list for PBXProject "Hidden Bar" */;
			compatibilityVersion = "Xcode 9.3";
			developmentRegion = en;
			hasScannedForEncodings = 0;
			knownRegions = (
				en,
				Base,
				"zh-Hans",
				ja,
			);
			mainGroup = 929113E821F9D04100173149;
			packageReferences = (
				08A5F85D23AA01EE00981CA5 /* XCRemoteSwiftPackageReference "HotKey" */,
			);
			productRefGroup = 929113F221F9D04100173149 /* Products */;
			projectDirPath = "";
			projectRoot = "";
			targets = (
				929113F021F9D04100173149 /* Hidden Bar */,
				92C5054D21FEC03B0084719A /* LauncherApplication */,
			);
		};
/* End PBXProject section */

/* Begin PBXResourcesBuildPhase section */
		929113EF21F9D04100173149 /* Resources */ = {
			isa = PBXResourcesBuildPhase;
			buildActionMask = 2147483647;
			files = (
				929113F921F9D04200173149 /* Assets.xcassets in Resources */,
				929113FC21F9D04200173149 /* Main.storyboard in Resources */,
			);
			runOnlyForDeploymentPostprocessing = 0;
		};
		92C5054C21FEC03B0084719A /* Resources */ = {
			isa = PBXResourcesBuildPhase;
			buildActionMask = 2147483647;
			files = (
				92C5055521FEC03C0084719A /* Assets.xcassets in Resources */,
				92C5055821FEC03C0084719A /* Main.storyboard in Resources */,
			);
			runOnlyForDeploymentPostprocessing = 0;
		};
/* End PBXResourcesBuildPhase section */

/* Begin PBXSourcesBuildPhase section */
		929113ED21F9D04100173149 /* Sources */ = {
			isa = PBXSourcesBuildPhase;
			buildActionMask = 2147483647;
			files = (
				92C97B8F220147FE0007559C /* Constant.swift in Sources */,
				08C20FE023AB44E60035D978 /* Bundle+Extension.swift in Sources */,
				08A5F85C23AA013100981CA5 /* SelectedSecond.swift in Sources */,
				08A5F86123AA085B00981CA5 /* Preferences.swift in Sources */,
				92C97B9122018C1F0007559C /* StatusBarController.swift in Sources */,
				92D2122221FEE06600C92FF4 /* LauncherApplication.app in Sources */,
				08B9F32C2411883300AA0551 /* NSWindow+Extension.swift in Sources */,
				929113F521F9D04100173149 /* AppDelegate.swift in Sources */,
				08C20FDE23AABDD10035D978 /* HyperlinkTextField.swift in Sources */,
				92C97B88220032ED0007559C /* Util.swift in Sources */,
				08A5F85A23AA007A00981CA5 /* PreferencesViewController.swift in Sources */,
				3CF14C82221FA49D0083D42B /* PreferencesWindowController.swift in Sources */,
				92C97B8B220049D20007559C /* NSBarButtonItem+Extension.swift in Sources */,
				92C97B8D220058740007559C /* NSView+Extension.swift in Sources */,
				0842CDFB23A9FDD000D14BD4 /* GlobalKeybindingPreferences.swift in Sources */,
				08C20FE223AB452C0035D978 /* AboutViewController.swift in Sources */,
				08A5F86423AA09F300981CA5 /* UserDefault+Extension.swift in Sources */,
			);
			runOnlyForDeploymentPostprocessing = 0;
		};
		92C5054A21FEC03B0084719A /* Sources */ = {
			isa = PBXSourcesBuildPhase;
			buildActionMask = 2147483647;
			files = (
				92C5055321FEC03C0084719A /* ViewController.swift in Sources */,
				92C5055121FEC03C0084719A /* AppDelegate.swift in Sources */,
			);
			runOnlyForDeploymentPostprocessing = 0;
		};
/* End PBXSourcesBuildPhase section */

/* Begin PBXVariantGroup section */
		929113FA21F9D04200173149 /* Main.storyboard */ = {
			isa = PBXVariantGroup;
			children = (
				929113FB21F9D04200173149 /* Base */,
				B350A2CC23AAFB47003A04AC /* zh-Hans */,
				B8404C9A24041A4300E6DBF8 /* ja */,
			);
			name = Main.storyboard;
			sourceTree = "<group>";
		};
		92C5055621FEC03C0084719A /* Main.storyboard */ = {
			isa = PBXVariantGroup;
			children = (
				92C5055721FEC03C0084719A /* Base */,
				B8404C9B24041A4300E6DBF8 /* ja */,
			);
			name = Main.storyboard;
			sourceTree = "<group>";
		};
/* End PBXVariantGroup section */

/* Begin XCBuildConfiguration section */
		9291141521F9D04200173149 /* Debug */ = {
			isa = XCBuildConfiguration;
			buildSettings = {
				ALWAYS_SEARCH_USER_PATHS = NO;
				CLANG_ANALYZER_LOCALIZABILITY_NONLOCALIZED = YES;
				CLANG_ANALYZER_NONNULL = YES;
				CLANG_ANALYZER_NUMBER_OBJECT_CONVERSION = YES_AGGRESSIVE;
				CLANG_CXX_LANGUAGE_STANDARD = "gnu++14";
				CLANG_CXX_LIBRARY = "libc++";
				CLANG_ENABLE_MODULES = YES;
				CLANG_ENABLE_OBJC_ARC = YES;
				CLANG_ENABLE_OBJC_WEAK = YES;
				CLANG_WARN_BLOCK_CAPTURE_AUTORELEASING = YES;
				CLANG_WARN_BOOL_CONVERSION = YES;
				CLANG_WARN_COMMA = YES;
				CLANG_WARN_CONSTANT_CONVERSION = YES;
				CLANG_WARN_DEPRECATED_OBJC_IMPLEMENTATIONS = YES;
				CLANG_WARN_DIRECT_OBJC_ISA_USAGE = YES_ERROR;
				CLANG_WARN_DOCUMENTATION_COMMENTS = YES;
				CLANG_WARN_EMPTY_BODY = YES;
				CLANG_WARN_ENUM_CONVERSION = YES;
				CLANG_WARN_INFINITE_RECURSION = YES;
				CLANG_WARN_INT_CONVERSION = YES;
				CLANG_WARN_NON_LITERAL_NULL_CONVERSION = YES;
				CLANG_WARN_OBJC_IMPLICIT_RETAIN_SELF = YES;
				CLANG_WARN_OBJC_LITERAL_CONVERSION = YES;
				CLANG_WARN_OBJC_ROOT_CLASS = YES_ERROR;
				CLANG_WARN_RANGE_LOOP_ANALYSIS = YES;
				CLANG_WARN_STRICT_PROTOTYPES = YES;
				CLANG_WARN_SUSPICIOUS_MOVE = YES;
				CLANG_WARN_UNGUARDED_AVAILABILITY = YES_AGGRESSIVE;
				CLANG_WARN_UNREACHABLE_CODE = YES;
				CLANG_WARN__DUPLICATE_METHOD_MATCH = YES;
				CODE_SIGN_IDENTITY = "-";
				COPY_PHASE_STRIP = NO;
				DEBUG_INFORMATION_FORMAT = dwarf;
				ENABLE_STRICT_OBJC_MSGSEND = YES;
				ENABLE_TESTABILITY = YES;
				GCC_C_LANGUAGE_STANDARD = gnu11;
				GCC_DYNAMIC_NO_PIC = NO;
				GCC_NO_COMMON_BLOCKS = YES;
				GCC_OPTIMIZATION_LEVEL = 0;
				GCC_PREPROCESSOR_DEFINITIONS = (
					"DEBUG=1",
					"$(inherited)",
				);
				GCC_WARN_64_TO_32_BIT_CONVERSION = YES;
				GCC_WARN_ABOUT_RETURN_TYPE = YES_ERROR;
				GCC_WARN_UNDECLARED_SELECTOR = YES;
				GCC_WARN_UNINITIALIZED_AUTOS = YES_AGGRESSIVE;
				GCC_WARN_UNUSED_FUNCTION = YES;
				GCC_WARN_UNUSED_VARIABLE = YES;
				MACOSX_DEPLOYMENT_TARGET = 10.14;
				MTL_ENABLE_DEBUG_INFO = INCLUDE_SOURCE;
				MTL_FAST_MATH = YES;
				ONLY_ACTIVE_ARCH = YES;
				SDKROOT = macosx;
				SWIFT_ACTIVE_COMPILATION_CONDITIONS = DEBUG;
				SWIFT_OPTIMIZATION_LEVEL = "-Onone";
			};
			name = Debug;
		};
		9291141621F9D04200173149 /* Release */ = {
			isa = XCBuildConfiguration;
			buildSettings = {
				ALWAYS_SEARCH_USER_PATHS = NO;
				CLANG_ANALYZER_LOCALIZABILITY_NONLOCALIZED = YES;
				CLANG_ANALYZER_NONNULL = YES;
				CLANG_ANALYZER_NUMBER_OBJECT_CONVERSION = YES_AGGRESSIVE;
				CLANG_CXX_LANGUAGE_STANDARD = "gnu++14";
				CLANG_CXX_LIBRARY = "libc++";
				CLANG_ENABLE_MODULES = YES;
				CLANG_ENABLE_OBJC_ARC = YES;
				CLANG_ENABLE_OBJC_WEAK = YES;
				CLANG_WARN_BLOCK_CAPTURE_AUTORELEASING = YES;
				CLANG_WARN_BOOL_CONVERSION = YES;
				CLANG_WARN_COMMA = YES;
				CLANG_WARN_CONSTANT_CONVERSION = YES;
				CLANG_WARN_DEPRECATED_OBJC_IMPLEMENTATIONS = YES;
				CLANG_WARN_DIRECT_OBJC_ISA_USAGE = YES_ERROR;
				CLANG_WARN_DOCUMENTATION_COMMENTS = YES;
				CLANG_WARN_EMPTY_BODY = YES;
				CLANG_WARN_ENUM_CONVERSION = YES;
				CLANG_WARN_INFINITE_RECURSION = YES;
				CLANG_WARN_INT_CONVERSION = YES;
				CLANG_WARN_NON_LITERAL_NULL_CONVERSION = YES;
				CLANG_WARN_OBJC_IMPLICIT_RETAIN_SELF = YES;
				CLANG_WARN_OBJC_LITERAL_CONVERSION = YES;
				CLANG_WARN_OBJC_ROOT_CLASS = YES_ERROR;
				CLANG_WARN_RANGE_LOOP_ANALYSIS = YES;
				CLANG_WARN_STRICT_PROTOTYPES = YES;
				CLANG_WARN_SUSPICIOUS_MOVE = YES;
				CLANG_WARN_UNGUARDED_AVAILABILITY = YES_AGGRESSIVE;
				CLANG_WARN_UNREACHABLE_CODE = YES;
				CLANG_WARN__DUPLICATE_METHOD_MATCH = YES;
				CODE_SIGN_IDENTITY = "-";
				COPY_PHASE_STRIP = NO;
				DEBUG_INFORMATION_FORMAT = "dwarf-with-dsym";
				ENABLE_NS_ASSERTIONS = NO;
				ENABLE_STRICT_OBJC_MSGSEND = YES;
				GCC_C_LANGUAGE_STANDARD = gnu11;
				GCC_NO_COMMON_BLOCKS = YES;
				GCC_WARN_64_TO_32_BIT_CONVERSION = YES;
				GCC_WARN_ABOUT_RETURN_TYPE = YES_ERROR;
				GCC_WARN_UNDECLARED_SELECTOR = YES;
				GCC_WARN_UNINITIALIZED_AUTOS = YES_AGGRESSIVE;
				GCC_WARN_UNUSED_FUNCTION = YES;
				GCC_WARN_UNUSED_VARIABLE = YES;
				MACOSX_DEPLOYMENT_TARGET = 10.14;
				MTL_ENABLE_DEBUG_INFO = NO;
				MTL_FAST_MATH = YES;
				SDKROOT = macosx;
				SWIFT_COMPILATION_MODE = wholemodule;
				SWIFT_OPTIMIZATION_LEVEL = "-O";
			};
			name = Release;
		};
		9291141821F9D04200173149 /* Debug */ = {
			isa = XCBuildConfiguration;
			buildSettings = {
				ASSETCATALOG_COMPILER_APPICON_NAME = AppIcon;
				CODE_SIGN_ENTITLEMENTS = Hidden/Hidden.entitlements;
				CODE_SIGN_IDENTITY = "Mac Developer";
				CODE_SIGN_STYLE = Automatic;
				COMBINE_HIDPI_IMAGES = YES;
				CURRENT_PROJECT_VERSION = 8;
				DEVELOPMENT_TEAM = W777S7V8TN;
				ENABLE_HARDENED_RUNTIME = YES;
				INFOPLIST_FILE = hidden/Info.plist;
				LD_RUNPATH_SEARCH_PATHS = (
					"$(inherited)",
					"@executable_path/../Frameworks",
				);
				MACOSX_DEPLOYMENT_TARGET = 10.12;
				MARKETING_VERSION = 1.4;
				PRODUCT_BUNDLE_IDENTIFIER = com.dwarvesv.minimalbar;
				PRODUCT_NAME = "$(TARGET_NAME)";
				PROVISIONING_PROFILE_SPECIFIER = "";
				SWIFT_VERSION = 5.0;
			};
			name = Debug;
		};
		9291141921F9D04200173149 /* Release */ = {
			isa = XCBuildConfiguration;
			buildSettings = {
				ASSETCATALOG_COMPILER_APPICON_NAME = AppIcon;
				CODE_SIGN_ENTITLEMENTS = Hidden/Hidden.entitlements;
				CODE_SIGN_IDENTITY = "Mac Developer";
				CODE_SIGN_STYLE = Automatic;
				COMBINE_HIDPI_IMAGES = YES;
				CURRENT_PROJECT_VERSION = 8;
				DEVELOPMENT_TEAM = W777S7V8TN;
				ENABLE_HARDENED_RUNTIME = YES;
				INFOPLIST_FILE = hidden/Info.plist;
				LD_RUNPATH_SEARCH_PATHS = (
					"$(inherited)",
					"@executable_path/../Frameworks",
				);
				MACOSX_DEPLOYMENT_TARGET = 10.12;
				MARKETING_VERSION = 1.4;
				PRODUCT_BUNDLE_IDENTIFIER = com.dwarvesv.minimalbar;
				PRODUCT_NAME = "$(TARGET_NAME)";
				PROVISIONING_PROFILE_SPECIFIER = "";
				SWIFT_VERSION = 5.0;
			};
			name = Release;
		};
		92C5057221FEC03D0084719A /* Debug */ = {
			isa = XCBuildConfiguration;
			buildSettings = {
				ASSETCATALOG_COMPILER_APPICON_NAME = AppIcon;
				CODE_SIGN_ENTITLEMENTS = LauncherApplication/LauncherApplication.entitlements;
				CODE_SIGN_IDENTITY = "Mac Developer";
				CODE_SIGN_STYLE = Automatic;
				COMBINE_HIDPI_IMAGES = YES;
				DEVELOPMENT_TEAM = W777S7V8TN;
				ENABLE_HARDENED_RUNTIME = YES;
				INFOPLIST_FILE = LauncherApplication/Info.plist;
				LD_RUNPATH_SEARCH_PATHS = (
					"$(inherited)",
					"@executable_path/../Frameworks",
				);
				MACOSX_DEPLOYMENT_TARGET = 10.12;
				PRODUCT_BUNDLE_IDENTIFIER = com.dwarvesv.LauncherApplication;
				PRODUCT_NAME = "$(TARGET_NAME)";
				PROVISIONING_PROFILE_SPECIFIER = "";
				SKIP_INSTALL = YES;
				SWIFT_VERSION = 5.0;
			};
			name = Debug;
		};
		92C5057321FEC03D0084719A /* Release */ = {
			isa = XCBuildConfiguration;
			buildSettings = {
				ASSETCATALOG_COMPILER_APPICON_NAME = AppIcon;
				CODE_SIGN_ENTITLEMENTS = LauncherApplication/LauncherApplication.entitlements;
				CODE_SIGN_IDENTITY = "Mac Developer";
				CODE_SIGN_STYLE = Automatic;
				COMBINE_HIDPI_IMAGES = YES;
				DEVELOPMENT_TEAM = W777S7V8TN;
				ENABLE_HARDENED_RUNTIME = YES;
				INFOPLIST_FILE = LauncherApplication/Info.plist;
				LD_RUNPATH_SEARCH_PATHS = (
					"$(inherited)",
					"@executable_path/../Frameworks",
				);
				MACOSX_DEPLOYMENT_TARGET = 10.12;
				PRODUCT_BUNDLE_IDENTIFIER = com.dwarvesv.LauncherApplication;
				PRODUCT_NAME = "$(TARGET_NAME)";
				PROVISIONING_PROFILE_SPECIFIER = "";
				SKIP_INSTALL = YES;
				SWIFT_VERSION = 5.0;
			};
			name = Release;
		};
/* End XCBuildConfiguration section */

/* Begin XCConfigurationList section */
		929113EC21F9D04100173149 /* Build configuration list for PBXProject "Hidden Bar" */ = {
			isa = XCConfigurationList;
			buildConfigurations = (
				9291141521F9D04200173149 /* Debug */,
				9291141621F9D04200173149 /* Release */,
			);
			defaultConfigurationIsVisible = 0;
			defaultConfigurationName = Release;
		};
		9291141721F9D04200173149 /* Build configuration list for PBXNativeTarget "Hidden Bar" */ = {
			isa = XCConfigurationList;
			buildConfigurations = (
				9291141821F9D04200173149 /* Debug */,
				9291141921F9D04200173149 /* Release */,
			);
			defaultConfigurationIsVisible = 0;
			defaultConfigurationName = Release;
		};
		92C5057121FEC03D0084719A /* Build configuration list for PBXNativeTarget "LauncherApplication" */ = {
			isa = XCConfigurationList;
			buildConfigurations = (
				92C5057221FEC03D0084719A /* Debug */,
				92C5057321FEC03D0084719A /* Release */,
			);
			defaultConfigurationIsVisible = 0;
			defaultConfigurationName = Release;
		};
/* End XCConfigurationList section */

/* Begin XCRemoteSwiftPackageReference section */
		08A5F85D23AA01EE00981CA5 /* XCRemoteSwiftPackageReference "HotKey" */ = {
			isa = XCRemoteSwiftPackageReference;
			repositoryURL = "https://github.com/soffes/HotKey/";
			requirement = {
				kind = upToNextMajorVersion;
				minimumVersion = 0.1.3;
			};
		};
/* End XCRemoteSwiftPackageReference section */

/* Begin XCSwiftPackageProductDependency section */
		08A5F85E23AA01EE00981CA5 /* HotKey */ = {
			isa = XCSwiftPackageProductDependency;
			package = 08A5F85D23AA01EE00981CA5 /* XCRemoteSwiftPackageReference "HotKey" */;
			productName = HotKey;
		};
/* End XCSwiftPackageProductDependency section */
	};
	rootObject = 929113E921F9D04100173149 /* Project object */;
}
